{
  "originHash" : "f1b9f6633dcdb2bc5c64181065ee84f01f0af378e6234f652ab5db8f6c627977",
  "pins" : [
    {
      "identity" : "commander",
      "kind" : "remoteSourceControl",
      "location" : "https://github.com/steipete/Commander.git",
      "state" : {
        "revision" : "3f5a3cb1f19ce7ca79fdc2111a09dfb3da200c1c",
        "version" : "0.3.0"
      }
    }
  ],
  "version" : 3
}
