{
  "originHash" : "d1cb13c1640dc8cb50d58a7784a7c829ba3087e0652eaa17b387fd44e2e845db",
  "pins" : [
    {
      "identity" : "commander",
      "kind" : "remoteSourceControl",
      "location" : "https://github.com/steipete/Commander.git",
      "state" : {
        "revision" : "bd219c4ee9032fee3e009856f81fcc6ec09a85f4",
        "version" : "0.2.4"
      }
    }
  ],
  "version" : 3
}
